
Microsoft Visual Studio Solution File, Format Version 12.00
# Visual Studio Version 16
VisualStudioVersion = 16.0.32802.440
MinimumVisualStudioVersion = 10.0.40219.1
Project("{8BC9CEB8-8B4A-11D0-8D11-00A0C91BC942}") = "Satellite", "Satellite\Satellite.vcxproj", "{CC52CDB3-9C96-4F38-A494-09283002CDB1}"
EndProject
Global
	GlobalSection(SolutionConfigurationPlatforms) = preSolution
		Debug|x64 = Debug|x64
		Debug|x86 = Debug|x86
		Release|x64 = Release|x64
		Release|x86 = Release|x86
	EndGlobalSection
	GlobalSection(ProjectConfigurationPlatforms) = postSolution
		{CC52CDB3-9C96-4F38-A494-09283002CDB1}.Debug|x64.ActiveCfg = Debug|x64
		{CC52CDB3-9C96-4F38-A494-09283002CDB1}.Debug|x64.Build.0 = Debug|x64
		{CC52CDB3-9C96-4F38-A494-09283002CDB1}.Debug|x86.ActiveCfg = Debug|Win32
		{CC52CDB3-9C96-4F38-A494-09283002CDB1}.Debug|x86.Build.0 = Debug|Win32
		{CC52CDB3-9C96-4F38-A494-09283002CDB1}.Release|x64.ActiveCfg = Release|x64
		{CC52CDB3-9C96-4F38-A494-09283002CDB1}.Release|x64.Build.0 = Release|x64
		{CC52CDB3-9C96-4F38-A494-09283002CDB1}.Release|x86.ActiveCfg = Release|Win32
		{CC52CDB3-9C96-4F38-A494-09283002CDB1}.Release|x86.Build.0 = Release|Win32
	EndGlobalSection
	GlobalSection(SolutionProperties) = preSolution
		HideSolutionNode = FALSE
	EndGlobalSection
	GlobalSection(ExtensibilityGlobals) = postSolution
		SolutionGuid = {ED7A4C32-E58E-4CD9-9EC1-506B0C412A62}
	EndGlobalSection
EndGlobal
